// !$*UTF8*$!
{
	archiveVersion = 1;
	classes = {
	};
	objectVersion = 46;
	objects = {

/* Begin PBXBuildFile section */
		0FD0A584F71BFFC1D80454BA /* libPods-MVVMTT.a in Frameworks */ = {isa = PBXBuildFile; fileRef = 9C5A2B702ACF08F6D937C961 /* libPods-MVVMTT.a */; };
		76024EB51E19F04D00E7907B /* PXRouter.m in Sources */ = {isa = PBXBuildFile; fileRef = 76024EB41E19F04D00E7907B /* PXRouter.m */; };
		76024EBB1E19F7BA00E7907B /* UIViewController+MVVMHelper.m in Sources */ = {isa = PBXBuildFile; fileRef = 76024EBA1E19F7BA00E7907B /* UIViewController+MVVMHelper.m */; };
		76024EBF1E19FABB00E7907B /* SecondController.m in Sources */ = {isa = PBXBuildFile; fileRef = 76024EBD1E19FABB00E7907B /* SecondController.m */; };
		76024EC01E19FABB00E7907B /* SecondController.xib in Resources */ = {isa = PBXBuildFile; fileRef = 76024EBE1E19FABB00E7907B /* SecondController.xib */; };
		76024EC41E1A01F300E7907B /* SecondViewModel.m in Sources */ = {isa = PBXBuildFile; fileRef = 76024EC31E1A01F300E7907B /* SecondViewModel.m */; };
		7635F1A71E35A1A900BCF6DE /* PXViewModel.m in Sources */ = {isa = PBXBuildFile; fileRef = 7635F1A51E359CDB00BCF6DE /* PXViewModel.m */; };
		76D5B0111E177F2C00A2501B /* main.m in Sources */ = {isa = PBXBuildFile; fileRef = 76D5B0101E177F2C00A2501B /* main.m */; };
		76D5B0141E177F2C00A2501B /* AppDelegate.m in Sources */ = {isa = PBXBuildFile; fileRef = 76D5B0131E177F2C00A2501B /* AppDelegate.m */; };
		76D5B0171E177F2C00A2501B /* ViewController.m in Sources */ = {isa = PBXBuildFile; fileRef = 76D5B0161E177F2C00A2501B /* ViewController.m */; };
		76D5B01A1E177F2C00A2501B /* Main.storyboard in Resources */ = {isa = PBXBuildFile; fileRef = 76D5B0181E177F2C00A2501B /* Main.storyboard */; };
		76D5B01C1E177F2C00A2501B /* Assets.xcassets in Resources */ = {isa = PBXBuildFile; fileRef = 76D5B01B1E177F2C00A2501B /* Assets.xcassets */; };
		76D5B01F1E177F2C00A2501B /* LaunchScreen.storyboard in Resources */ = {isa = PBXBuildFile; fileRef = 76D5B01D1E177F2C00A2501B /* LaunchScreen.storyboard */; };
		76D5B02A1E177F2C00A2501B /* MVVMTTTests.m in Sources */ = {isa = PBXBuildFile; fileRef = 76D5B0291E177F2C00A2501B /* MVVMTTTests.m */; };
		76D5B0351E177F2C00A2501B /* MVVMTTUITests.m in Sources */ = {isa = PBXBuildFile; fileRef = 76D5B0341E177F2C00A2501B /* MVVMTTUITests.m */; };
		76D5B04A1E17909A00A2501B /* PXViewModelServicesImpl.m in Sources */ = {isa = PBXBuildFile; fileRef = 76D5B0491E17909A00A2501B /* PXViewModelServicesImpl.m */; };
		76D5B04D1E1799F900A2501B /* PXNavigationControllerStack.m in Sources */ = {isa = PBXBuildFile; fileRef = 76D5B04C1E1799F900A2501B /* PXNavigationControllerStack.m */; };
		76D6CDA31E2CC44D00E5337C /* ViewControllerViewModel.m in Sources */ = {isa = PBXBuildFile; fileRef = 76D6CDA21E2CC44D00E5337C /* ViewControllerViewModel.m */; };
		76E2503F1E1F492600CD2D52 /* AppDelegateViewModel.m in Sources */ = {isa = PBXBuildFile; fileRef = 76E2503E1E1F492600CD2D52 /* AppDelegateViewModel.m */; };
		76E2504C1E1F7F8600CD2D52 /* WebViewController.m in Sources */ = {isa = PBXBuildFile; fileRef = 76E2504B1E1F7F8600CD2D52 /* WebViewController.m */; };
		76E2504E1E1F818600CD2D52 /* WebViewController.xib in Resources */ = {isa = PBXBuildFile; fileRef = 76E2504D1E1F818600CD2D52 /* WebViewController.xib */; };
/* End PBXBuildFile section */

/* Begin PBXContainerItemProxy section */
		76D5B0261E177F2C00A2501B /* PBXContainerItemProxy */ = {
			isa = PBXContainerItemProxy;
			containerPortal = 76D5B0041E177F2C00A2501B /* Project object */;
			proxyType = 1;
			remoteGlobalIDString = 76D5B00B1E177F2C00A2501B;
			remoteInfo = MVVMTT;
		};
		76D5B0311E177F2C00A2501B /* PBXContainerItemProxy */ = {
			isa = PBXContainerItemProxy;
			containerPortal = 76D5B0041E177F2C00A2501B /* Project object */;
			proxyType = 1;
			remoteGlobalIDString = 76D5B00B1E177F2C00A2501B;
			remoteInfo = MVVMTT;
		};
/* End PBXContainerItemProxy section */

/* Begin PBXFileReference section */
		4C83E0401BD6773F26D20B10 /* Pods-MVVMTT.debug.xcconfig */ = {isa = PBXFileReference; includeInIndex = 1; lastKnownFileType = text.xcconfig; name = "Pods-MVVMTT.debug.xcconfig"; path = "Pods/Target Support Files/Pods-MVVMTT/Pods-MVVMTT.debug.xcconfig"; sourceTree = "<group>"; };
		76024EB31E19F04D00E7907B /* PXRouter.h */ = {isa = PBXFileReference; fileEncoding = 4; lastKnownFileType = sourcecode.c.h; path = PXRouter.h; sourceTree = "<group>"; };
		76024EB41E19F04D00E7907B /* PXRouter.m */ = {isa = PBXFileReference; fileEncoding = 4; lastKnownFileType = sourcecode.c.objc; path = PXRouter.m; sourceTree = "<group>"; };
		76024EB91E19F7BA00E7907B /* UIViewController+MVVMHelper.h */ = {isa = PBXFileReference; fileEncoding = 4; lastKnownFileType = sourcecode.c.h; path = "UIViewController+MVVMHelper.h"; sourceTree = "<group>"; };
		76024EBA1E19F7BA00E7907B /* UIViewController+MVVMHelper.m */ = {isa = PBXFileReference; fileEncoding = 4; lastKnownFileType = sourcecode.c.objc; path = "UIViewController+MVVMHelper.m"; sourceTree = "<group>"; };
		76024EBC1E19FABB00E7907B /* SecondController.h */ = {isa = PBXFileReference; fileEncoding = 4; lastKnownFileType = sourcecode.c.h; path = SecondController.h; sourceTree = "<group>"; };
		76024EBD1E19FABB00E7907B /* SecondController.m */ = {isa = PBXFileReference; fileEncoding = 4; lastKnownFileType = sourcecode.c.objc; path = SecondController.m; sourceTree = "<group>"; };
		76024EBE1E19FABB00E7907B /* SecondController.xib */ = {isa = PBXFileReference; fileEncoding = 4; lastKnownFileType = file.xib; path = SecondController.xib; sourceTree = "<group>"; };
		76024EC21E1A01F300E7907B /* SecondViewModel.h */ = {isa = PBXFileReference; fileEncoding = 4; lastKnownFileType = sourcecode.c.h; path = SecondViewModel.h; sourceTree = "<group>"; };
		76024EC31E1A01F300E7907B /* SecondViewModel.m */ = {isa = PBXFileReference; fileEncoding = 4; lastKnownFileType = sourcecode.c.objc; path = SecondViewModel.m; sourceTree = "<group>"; };
		7635F1A41E359CDB00BCF6DE /* PXViewModel.h */ = {isa = PBXFileReference; fileEncoding = 4; lastKnownFileType = sourcecode.c.h; name = PXViewModel.h; path = ../PXViewModel.h; sourceTree = "<group>"; };
		7635F1A51E359CDB00BCF6DE /* PXViewModel.m */ = {isa = PBXFileReference; fileEncoding = 4; lastKnownFileType = sourcecode.c.objc; name = PXViewModel.m; path = ../PXViewModel.m; sourceTree = "<group>"; };
		76A559951E249516006E5A85 /* PXSingleton.h */ = {isa = PBXFileReference; lastKnownFileType = sourcecode.c.h; path = PXSingleton.h; sourceTree = "<group>"; };
		76D5B00C1E177F2C00A2501B /* MVVMTT.app */ = {isa = PBXFileReference; explicitFileType = wrapper.application; includeInIndex = 0; path = MVVMTT.app; sourceTree = BUILT_PRODUCTS_DIR; };
		76D5B0101E177F2C00A2501B /* main.m */ = {isa = PBXFileReference; lastKnownFileType = sourcecode.c.objc; path = main.m; sourceTree = "<group>"; };
		76D5B0121E177F2C00A2501B /* AppDelegate.h */ = {isa = PBXFileReference; lastKnownFileType = sourcecode.c.h; path = AppDelegate.h; sourceTree = "<group>"; };
		76D5B0131E177F2C00A2501B /* AppDelegate.m */ = {isa = PBXFileReference; lastKnownFileType = sourcecode.c.objc; path = AppDelegate.m; sourceTree = "<group>"; };
		76D5B0151E177F2C00A2501B /* ViewController.h */ = {isa = PBXFileReference; lastKnownFileType = sourcecode.c.h; path = ViewController.h; sourceTree = "<group>"; };
		76D5B0161E177F2C00A2501B /* ViewController.m */ = {isa = PBXFileReference; lastKnownFileType = sourcecode.c.objc; path = ViewController.m; sourceTree = "<group>"; };
		76D5B0191E177F2C00A2501B /* Base */ = {isa = PBXFileReference; lastKnownFileType = file.storyboard; name = Base; path = Base.lproj/Main.storyboard; sourceTree = "<group>"; };
		76D5B01B1E177F2C00A2501B /* Assets.xcassets */ = {isa = PBXFileReference; lastKnownFileType = folder.assetcatalog; path = Assets.xcassets; sourceTree = "<group>"; };
		76D5B01E1E177F2C00A2501B /* Base */ = {isa = PBXFileReference; lastKnownFileType = file.storyboard; name = Base; path = Base.lproj/LaunchScreen.storyboard; sourceTree = "<group>"; };
		76D5B0201E177F2C00A2501B /* Info.plist */ = {isa = PBXFileReference; lastKnownFileType = text.plist.xml; path = Info.plist; sourceTree = "<group>"; };
		76D5B0251E177F2C00A2501B /* MVVMTTTests.xctest */ = {isa = PBXFileReference; explicitFileType = wrapper.cfbundle; includeInIndex = 0; path = MVVMTTTests.xctest; sourceTree = BUILT_PRODUCTS_DIR; };
		76D5B0291E177F2C00A2501B /* MVVMTTTests.m */ = {isa = PBXFileReference; lastKnownFileType = sourcecode.c.objc; path = MVVMTTTests.m; sourceTree = "<group>"; };
		76D5B02B1E177F2C00A2501B /* Info.plist */ = {isa = PBXFileReference; lastKnownFileType = text.plist.xml; path = Info.plist; sourceTree = "<group>"; };
		76D5B0301E177F2C00A2501B /* MVVMTTUITests.xctest */ = {isa = PBXFileReference; explicitFileType = wrapper.cfbundle; includeInIndex = 0; path = MVVMTTUITests.xctest; sourceTree = BUILT_PRODUCTS_DIR; };
		76D5B0341E177F2C00A2501B /* MVVMTTUITests.m */ = {isa = PBXFileReference; lastKnownFileType = sourcecode.c.objc; path = MVVMTTUITests.m; sourceTree = "<group>"; };
		76D5B0361E177F2C00A2501B /* Info.plist */ = {isa = PBXFileReference; lastKnownFileType = text.plist.xml; path = Info.plist; sourceTree = "<group>"; };
		76D5B0431E1784DA00A2501B /* PXViewModelServices.h */ = {isa = PBXFileReference; fileEncoding = 4; lastKnownFileType = sourcecode.c.h; path = PXViewModelServices.h; sourceTree = "<group>"; };
		76D5B0481E17909A00A2501B /* PXViewModelServicesImpl.h */ = {isa = PBXFileReference; fileEncoding = 4; lastKnownFileType = sourcecode.c.h; path = PXViewModelServicesImpl.h; sourceTree = "<group>"; };
		76D5B0491E17909A00A2501B /* PXViewModelServicesImpl.m */ = {isa = PBXFileReference; fileEncoding = 4; lastKnownFileType = sourcecode.c.objc; path = PXViewModelServicesImpl.m; sourceTree = "<group>"; };
		76D5B04B1E1799F900A2501B /* PXNavigationControllerStack.h */ = {isa = PBXFileReference; fileEncoding = 4; lastKnownFileType = sourcecode.c.h; path = PXNavigationControllerStack.h; sourceTree = "<group>"; };
		76D5B04C1E1799F900A2501B /* PXNavigationControllerStack.m */ = {isa = PBXFileReference; fileEncoding = 4; lastKnownFileType = sourcecode.c.objc; path = PXNavigationControllerStack.m; sourceTree = "<group>"; };
		76D6CDA11E2CC44D00E5337C /* ViewControllerViewModel.h */ = {isa = PBXFileReference; fileEncoding = 4; lastKnownFileType = sourcecode.c.h; name = ViewControllerViewModel.h; path = ../ViewControllerViewModel.h; sourceTree = "<group>"; };
		76D6CDA21E2CC44D00E5337C /* ViewControllerViewModel.m */ = {isa = PBXFileReference; fileEncoding = 4; lastKnownFileType = sourcecode.c.objc; name = ViewControllerViewModel.m; path = ../ViewControllerViewModel.m; sourceTree = "<group>"; };
		76D6CDA41E2CD00300E5337C /* MVVMTT.pch */ = {isa = PBXFileReference; lastKnownFileType = sourcecode.c.h; path = MVVMTT.pch; sourceTree = SOURCE_ROOT; };
		76E2503D1E1F492600CD2D52 /* AppDelegateViewModel.h */ = {isa = PBXFileReference; fileEncoding = 4; lastKnownFileType = sourcecode.c.h; path = AppDelegateViewModel.h; sourceTree = "<group>"; };
		76E2503E1E1F492600CD2D52 /* AppDelegateViewModel.m */ = {isa = PBXFileReference; fileEncoding = 4; lastKnownFileType = sourcecode.c.objc; path = AppDelegateViewModel.m; sourceTree = "<group>"; };
		76E2504A1E1F7F8600CD2D52 /* WebViewController.h */ = {isa = PBXFileReference; fileEncoding = 4; lastKnownFileType = sourcecode.c.h; path = WebViewController.h; sourceTree = "<group>"; };
		76E2504B1E1F7F8600CD2D52 /* WebViewController.m */ = {isa = PBXFileReference; fileEncoding = 4; lastKnownFileType = sourcecode.c.objc; path = WebViewController.m; sourceTree = "<group>"; };
		76E2504D1E1F818600CD2D52 /* WebViewController.xib */ = {isa = PBXFileReference; fileEncoding = 4; lastKnownFileType = file.xib; path = WebViewController.xib; sourceTree = "<group>"; };
		9C5A2B702ACF08F6D937C961 /* libPods-MVVMTT.a */ = {isa = PBXFileReference; explicitFileType = archive.ar; includeInIndex = 0; path = "libPods-MVVMTT.a"; sourceTree = BUILT_PRODUCTS_DIR; };
		BFC9EE778F6663E7BFABE702 /* Pods-MVVMTT.release.xcconfig */ = {isa = PBXFileReference; includeInIndex = 1; lastKnownFileType = text.xcconfig; name = "Pods-MVVMTT.release.xcconfig"; path = "Pods/Target Support Files/Pods-MVVMTT/Pods-MVVMTT.release.xcconfig"; sourceTree = "<group>"; };
/* End PBXFileReference section */

/* Begin PBXFrameworksBuildPhase section */
		76D5B0091E177F2C00A2501B /* Frameworks */ = {
			isa = PBXFrameworksBuildPhase;
			buildActionMask = 2147483647;
			files = (
				0FD0A584F71BFFC1D80454BA /* libPods-MVVMTT.a in Frameworks */,
			);
			runOnlyForDeploymentPostprocessing = 0;
		};
		76D5B0221E177F2C00A2501B /* Frameworks */ = {
			isa = PBXFrameworksBuildPhase;
			buildActionMask = 2147483647;
			files = (
			);
			runOnlyForDeploymentPostprocessing = 0;
		};
		76D5B02D1E177F2C00A2501B /* Frameworks */ = {
			isa = PBXFrameworksBuildPhase;
			buildActionMask = 2147483647;
			files = (
			);
			runOnlyForDeploymentPostprocessing = 0;
		};
/* End PBXFrameworksBuildPhase section */

/* Begin PBXGroup section */
		76024EC11E1A01E100E7907B /* ViewModel */ = {
			isa = PBXGroup;
			children = (
				7635F1A41E359CDB00BCF6DE /* PXViewModel.h */,
				7635F1A51E359CDB00BCF6DE /* PXViewModel.m */,
				76024EC21E1A01F300E7907B /* SecondViewModel.h */,
				76024EC31E1A01F300E7907B /* SecondViewModel.m */,
			);
			path = ViewModel;
			sourceTree = "<group>";
		};
		76D5B0031E177F2C00A2501B = {
			isa = PBXGroup;
			children = (
				76D5B00E1E177F2C00A2501B /* MVVMTT */,
				76D5B0281E177F2C00A2501B /* MVVMTTTests */,
				76D5B0331E177F2C00A2501B /* MVVMTTUITests */,
				76D5B00D1E177F2C00A2501B /* Products */,
				B8BED475C9CEED70E6565051 /* Pods */,
				9DC17C613C338F1C3BD3663B /* Frameworks */,
			);
			sourceTree = "<group>";
		};
		76D5B00D1E177F2C00A2501B /* Products */ = {
			isa = PBXGroup;
			children = (
				76D5B00C1E177F2C00A2501B /* MVVMTT.app */,
				76D5B0251E177F2C00A2501B /* MVVMTTTests.xctest */,
				76D5B0301E177F2C00A2501B /* MVVMTTUITests.xctest */,
			);
			name = Products;
			sourceTree = "<group>";
		};
		76D5B00E1E177F2C00A2501B /* MVVMTT */ = {
			isa = PBXGroup;
			children = (
				76024EC11E1A01E100E7907B /* ViewModel */,
				76D5B0421E177F5A00A2501B /* MVVM */,
				76D5B0121E177F2C00A2501B /* AppDelegate.h */,
				76D5B0131E177F2C00A2501B /* AppDelegate.m */,
				76D5B0151E177F2C00A2501B /* ViewController.h */,
				76D5B0161E177F2C00A2501B /* ViewController.m */,
				76D6CDA11E2CC44D00E5337C /* ViewControllerViewModel.h */,
				76D6CDA21E2CC44D00E5337C /* ViewControllerViewModel.m */,
				76024EBC1E19FABB00E7907B /* SecondController.h */,
				76024EBD1E19FABB00E7907B /* SecondController.m */,
				76024EBE1E19FABB00E7907B /* SecondController.xib */,
				76E2504A1E1F7F8600CD2D52 /* WebViewController.h */,
				76E2504B1E1F7F8600CD2D52 /* WebViewController.m */,
				76E2504D1E1F818600CD2D52 /* WebViewController.xib */,
				76D5B0181E177F2C00A2501B /* Main.storyboard */,
				76D5B01B1E177F2C00A2501B /* Assets.xcassets */,
				76D5B01D1E177F2C00A2501B /* LaunchScreen.storyboard */,
				76D5B0201E177F2C00A2501B /* Info.plist */,
				76D5B00F1E177F2C00A2501B /* Supporting Files */,
				76E2503D1E1F492600CD2D52 /* AppDelegateViewModel.h */,
				76E2503E1E1F492600CD2D52 /* AppDelegateViewModel.m */,
			);
			path = MVVMTT;
			sourceTree = "<group>";
		};
		76D5B00F1E177F2C00A2501B /* Supporting Files */ = {
			isa = PBXGroup;
			children = (
				76D5B0101E177F2C00A2501B /* main.m */,
			);
			name = "Supporting Files";
			sourceTree = "<group>";
		};
		76D5B0281E177F2C00A2501B /* MVVMTTTests */ = {
			isa = PBXGroup;
			children = (
				76D6CDA41E2CD00300E5337C /* MVVMTT.pch */,
				76D5B0291E177F2C00A2501B /* MVVMTTTests.m */,
				76D5B02B1E177F2C00A2501B /* Info.plist */,
			);
			path = MVVMTTTests;
			sourceTree = "<group>";
		};
		76D5B0331E177F2C00A2501B /* MVVMTTUITests */ = {
			isa = PBXGroup;
			children = (
				76D5B0341E177F2C00A2501B /* MVVMTTUITests.m */,
				76D5B0361E177F2C00A2501B /* Info.plist */,
			);
			path = MVVMTTUITests;
			sourceTree = "<group>";
		};
		76D5B0421E177F5A00A2501B /* MVVM */ = {
			isa = PBXGroup;
			children = (
				76D5B0431E1784DA00A2501B /* PXViewModelServices.h */,
				76D5B0481E17909A00A2501B /* PXViewModelServicesImpl.h */,
				76D5B0491E17909A00A2501B /* PXViewModelServicesImpl.m */,
				76D5B04B1E1799F900A2501B /* PXNavigationControllerStack.h */,
				76D5B04C1E1799F900A2501B /* PXNavigationControllerStack.m */,
				76024EB31E19F04D00E7907B /* PXRouter.h */,
				76024EB41E19F04D00E7907B /* PXRouter.m */,
				76024EB91E19F7BA00E7907B /* UIViewController+MVVMHelper.h */,
				76024EBA1E19F7BA00E7907B /* UIViewController+MVVMHelper.m */,
				76A559951E249516006E5A85 /* PXSingleton.h */,
			);
			path = MVVM;
			sourceTree = "<group>";
		};
		9DC17C613C338F1C3BD3663B /* Frameworks */ = {
			isa = PBXGroup;
			children = (
				9C5A2B702ACF08F6D937C961 /* libPods-MVVMTT.a */,
			);
			name = Frameworks;
			sourceTree = "<group>";
		};
		B8BED475C9CEED70E6565051 /* Pods */ = {
			isa = PBXGroup;
			children = (
				4C83E0401BD6773F26D20B10 /* Pods-MVVMTT.debug.xcconfig */,
				BFC9EE778F6663E7BFABE702 /* Pods-MVVMTT.release.xcconfig */,
			);
			name = Pods;
			sourceTree = "<group>";
		};
/* End PBXGroup section */

/* Begin PBXNativeTarget section */
		76D5B00B1E177F2C00A2501B /* MVVMTT */ = {
			isa = PBXNativeTarget;
			buildConfigurationList = 76D5B0391E177F2C00A2501B /* Build configuration list for PBXNativeTarget "MVVMTT" */;
			buildPhases = (
				A4C405DD1ED9C8D8074E5D3F /* [CP] Check Pods Manifest.lock */,
				76D5B0081E177F2C00A2501B /* Sources */,
				76D5B0091E177F2C00A2501B /* Frameworks */,
				76D5B00A1E177F2C00A2501B /* Resources */,
				A2BF3B89B6B16B12FA0B39AA /* [CP] Embed Pods Frameworks */,
				03384BC478101E0B18191011 /* [CP] Copy Pods Resources */,
			);
			buildRules = (
			);
			dependencies = (
			);
			name = MVVMTT;
			productName = MVVMTT;
			productReference = 76D5B00C1E177F2C00A2501B /* MVVMTT.app */;
			productType = "com.apple.product-type.application";
		};
		76D5B0241E177F2C00A2501B /* MVVMTTTests */ = {
			isa = PBXNativeTarget;
			buildConfigurationList = 76D5B03C1E177F2C00A2501B /* Build configuration list for PBXNativeTarget "MVVMTTTests" */;
			buildPhases = (
				76D5B0211E177F2C00A2501B /* Sources */,
				76D5B0221E177F2C00A2501B /* Frameworks */,
				76D5B0231E177F2C00A2501B /* Resources */,
			);
			buildRules = (
			);
			dependencies = (
				76D5B0271E177F2C00A2501B /* PBXTargetDependency */,
			);
			name = MVVMTTTests;
			productName = MVVMTTTests;
			productReference = 76D5B0251E177F2C00A2501B /* MVVMTTTests.xctest */;
			productType = "com.apple.product-type.bundle.unit-test";
		};
		76D5B02F1E177F2C00A2501B /* MVVMTTUITests */ = {
			isa = PBXNativeTarget;
			buildConfigurationList = 76D5B03F1E177F2C00A2501B /* Build configuration list for PBXNativeTarget "MVVMTTUITests" */;
			buildPhases = (
				76D5B02C1E177F2C00A2501B /* Sources */,
				76D5B02D1E177F2C00A2501B /* Frameworks */,
				76D5B02E1E177F2C00A2501B /* Resources */,
			);
			buildRules = (
			);
			dependencies = (
				76D5B0321E177F2C00A2501B /* PBXTargetDependency */,
			);
			name = MVVMTTUITests;
			productName = MVVMTTUITests;
			productReference = 76D5B0301E177F2C00A2501B /* MVVMTTUITests.xctest */;
			productType = "com.apple.product-type.bundle.ui-testing";
		};
/* End PBXNativeTarget section */

/* Begin PBXProject section */
		76D5B0041E177F2C00A2501B /* Project object */ = {
			isa = PBXProject;
			attributes = {
				LastUpgradeCheck = 0810;
				ORGANIZATIONNAME = EB;
				TargetAttributes = {
					76D5B00B1E177F2C00A2501B = {
						CreatedOnToolsVersion = 8.1;
						DevelopmentTeam = PEUS87V39Q;
						ProvisioningStyle = Automatic;
					};
					76D5B0241E177F2C00A2501B = {
						CreatedOnToolsVersion = 8.1;
						DevelopmentTeam = PEUS87V39Q;
						ProvisioningStyle = Automatic;
						TestTargetID = 76D5B00B1E177F2C00A2501B;
					};
					76D5B02F1E177F2C00A2501B = {
						CreatedOnToolsVersion = 8.1;
						DevelopmentTeam = PEUS87V39Q;
						ProvisioningStyle = Automatic;
						TestTargetID = 76D5B00B1E177F2C00A2501B;
					};
				};
			};
			buildConfigurationList = 76D5B0071E177F2C00A2501B /* Build configuration list for PBXProject "MVVMTT" */;
			compatibilityVersion = "Xcode 3.2";
			developmentRegion = English;
			hasScannedForEncodings = 0;
			knownRegions = (
				en,
				Base,
			);
			mainGroup = 76D5B0031E177F2C00A2501B;
			productRefGroup = 76D5B00D1E177F2C00A2501B /* Products */;
			projectDirPath = "";
			projectRoot = "";
			targets = (
				76D5B00B1E177F2C00A2501B /* MVVMTT */,
				76D5B0241E177F2C00A2501B /* MVVMTTTests */,
				76D5B02F1E177F2C00A2501B /* MVVMTTUITests */,
			);
		};
/* End PBXProject section */

/* Begin PBXResourcesBuildPhase section */
		76D5B00A1E177F2C00A2501B /* Resources */ = {
			isa = PBXResourcesBuildPhase;
			buildActionMask = 2147483647;
			files = (
				76D5B01F1E177F2C00A2501B /* LaunchScreen.storyboard in Resources */,
				76024EC01E19FABB00E7907B /* SecondController.xib in Resources */,
				76D5B01C1E177F2C00A2501B /* Assets.xcassets in Resources */,
				76E2504E1E1F818600CD2D52 /* WebViewController.xib in Resources */,
				76D5B01A1E177F2C00A2501B /* Main.storyboard in Resources */,
			);
			runOnlyForDeploymentPostprocessing = 0;
		};
		76D5B0231E177F2C00A2501B /* Resources */ = {
			isa = PBXResourcesBuildPhase;
			buildActionMask = 2147483647;
			files = (
			);
			runOnlyForDeploymentPostprocessing = 0;
		};
		76D5B02E1E177F2C00A2501B /* Resources */ = {
			isa = PBXResourcesBuildPhase;
			buildActionMask = 2147483647;
			files = (
			);
			runOnlyForDeploymentPostprocessing = 0;
		};
/* End PBXResourcesBuildPhase section */

/* Begin PBXShellScriptBuildPhase section */
		03384BC478101E0B18191011 /* [CP] Copy Pods Resources */ = {
			isa = PBXShellScriptBuildPhase;
			buildActionMask = 2147483647;
			files = (
			);
			inputPaths = (
			);
			name = "[CP] Copy Pods Resources";
			outputPaths = (
			);
			runOnlyForDeploymentPostprocessing = 0;
			shellPath = /bin/sh;
			shellScript = "\"${SRCROOT}/Pods/Target Support Files/Pods-MVVMTT/Pods-MVVMTT-resources.sh\"\n";
			showEnvVarsInLog = 0;
		};
		A2BF3B89B6B16B12FA0B39AA /* [CP] Embed Pods Frameworks */ = {
			isa = PBXShellScriptBuildPhase;
			buildActionMask = 2147483647;
			files = (
			);
			inputPaths = (
			);
			name = "[CP] Embed Pods Frameworks";
			outputPaths = (
			);
			runOnlyForDeploymentPostprocessing = 0;
			shellPath = /bin/sh;
			shellScript = "\"${SRCROOT}/Pods/Target Support Files/Pods-MVVMTT/Pods-MVVMTT-frameworks.sh\"\n";
			showEnvVarsInLog = 0;
		};
		A4C405DD1ED9C8D8074E5D3F /* [CP] Check Pods Manifest.lock */ = {
			isa = PBXShellScriptBuildPhase;
			buildActionMask = 2147483647;
			files = (
			);
			inputPaths = (
			);
			name = "[CP] Check Pods Manifest.lock";
			outputPaths = (
			);
			runOnlyForDeploymentPostprocessing = 0;
			shellPath = /bin/sh;
			shellScript = "diff \"${PODS_ROOT}/../Podfile.lock\" \"${PODS_ROOT}/Manifest.lock\" > /dev/null\nif [[ $? != 0 ]] ; then\n    cat << EOM\nerror: The sandbox is not in sync with the Podfile.lock. Run 'pod install' or update your CocoaPods installation.\nEOM\n    exit 1\nfi\n";
			showEnvVarsInLog = 0;
		};
/* End PBXShellScriptBuildPhase section */

/* Begin PBXSourcesBuildPhase section */
		76D5B0081E177F2C00A2501B /* Sources */ = {
			isa = PBXSourcesBuildPhase;
			buildActionMask = 2147483647;
			files = (
				7635F1A71E35A1A900BCF6DE /* PXViewModel.m in Sources */,
				76D5B04D1E1799F900A2501B /* PXNavigationControllerStack.m in Sources */,
				76D6CDA31E2CC44D00E5337C /* ViewControllerViewModel.m in Sources */,
				76E2503F1E1F492600CD2D52 /* AppDelegateViewModel.m in Sources */,
				76D5B0171E177F2C00A2501B /* ViewController.m in Sources */,
				76024EBF1E19FABB00E7907B /* SecondController.m in Sources */,
				76E2504C1E1F7F8600CD2D52 /* WebViewController.m in Sources */,
				76024EC41E1A01F300E7907B /* SecondViewModel.m in Sources */,
				76D5B04A1E17909A00A2501B /* PXViewModelServicesImpl.m in Sources */,
				76024EB51E19F04D00E7907B /* PXRouter.m in Sources */,
				76D5B0141E177F2C00A2501B /* AppDelegate.m in Sources */,
				76024EBB1E19F7BA00E7907B /* UIViewController+MVVMHelper.m in Sources */,
				76D5B0111E177F2C00A2501B /* main.m in Sources */,
			);
			runOnlyForDeploymentPostprocessing = 0;
		};
		76D5B0211E177F2C00A2501B /* Sources */ = {
			isa = PBXSourcesBuildPhase;
			buildActionMask = 2147483647;
			files = (
				76D5B02A1E177F2C00A2501B /* MVVMTTTests.m in Sources */,
			);
			runOnlyForDeploymentPostprocessing = 0;
		};
		76D5B02C1E177F2C00A2501B /* Sources */ = {
			isa = PBXSourcesBuildPhase;
			buildActionMask = 2147483647;
			files = (
				76D5B0351E177F2C00A2501B /* MVVMTTUITests.m in Sources */,
			);
			runOnlyForDeploymentPostprocessing = 0;
		};
/* End PBXSourcesBuildPhase section */

/* Begin PBXTargetDependency section */
		76D5B0271E177F2C00A2501B /* PBXTargetDependency */ = {
			isa = PBXTargetDependency;
			target = 76D5B00B1E177F2C00A2501B /* MVVMTT */;
			targetProxy = 76D5B0261E177F2C00A2501B /* PBXContainerItemProxy */;
		};
		76D5B0321E177F2C00A2501B /* PBXTargetDependency */ = {
			isa = PBXTargetDependency;
			target = 76D5B00B1E177F2C00A2501B /* MVVMTT */;
			targetProxy = 76D5B0311E177F2C00A2501B /* PBXContainerItemProxy */;
		};
/* End PBXTargetDependency section */

/* Begin PBXVariantGroup section */
		76D5B0181E177F2C00A2501B /* Main.storyboard */ = {
			isa = PBXVariantGroup;
			children = (
				76D5B0191E177F2C00A2501B /* Base */,
			);
			name = Main.storyboard;
			sourceTree = "<group>";
		};
		76D5B01D1E177F2C00A2501B /* LaunchScreen.storyboard */ = {
			isa = PBXVariantGroup;
			children = (
				76D5B01E1E177F2C00A2501B /* Base */,
			);
			name = LaunchScreen.storyboard;
			sourceTree = "<group>";
		};
/* End PBXVariantGroup section */

/* Begin XCBuildConfiguration section */
		76D5B0371E177F2C00A2501B /* Debug */ = {
			isa = XCBuildConfiguration;
			buildSettings = {
				ALWAYS_SEARCH_USER_PATHS = NO;
				CLANG_ANALYZER_NONNULL = YES;
				CLANG_CXX_LANGUAGE_STANDARD = "gnu++0x";
				CLANG_CXX_LIBRARY = "libc++";
				CLANG_ENABLE_MODULES = YES;
				CLANG_ENABLE_OBJC_ARC = YES;
				CLANG_WARN_BOOL_CONVERSION = YES;
				CLANG_WARN_CONSTANT_CONVERSION = YES;
				CLANG_WARN_DIRECT_OBJC_ISA_USAGE = YES_ERROR;
				CLANG_WARN_DOCUMENTATION_COMMENTS = YES;
				CLANG_WARN_EMPTY_BODY = YES;
				CLANG_WARN_ENUM_CONVERSION = YES;
				CLANG_WARN_INFINITE_RECURSION = YES;
				CLANG_WARN_INT_CONVERSION = YES;
				CLANG_WARN_OBJC_ROOT_CLASS = YES_ERROR;
				CLANG_WARN_SUSPICIOUS_MOVES = YES;
				CLANG_WARN_UNREACHABLE_CODE = YES;
				CLANG_WARN__DUPLICATE_METHOD_MATCH = YES;
				"CODE_SIGN_IDENTITY[sdk=iphoneos*]" = "iPhone Developer";
				COPY_PHASE_STRIP = NO;
				DEBUG_INFORMATION_FORMAT = dwarf;
				ENABLE_STRICT_OBJC_MSGSEND = YES;
				ENABLE_TESTABILITY = YES;
				GCC_C_LANGUAGE_STANDARD = gnu99;
				GCC_DYNAMIC_NO_PIC = NO;
				GCC_NO_COMMON_BLOCKS = YES;
				GCC_OPTIMIZATION_LEVEL = 0;
				GCC_PREPROCESSOR_DEFINITIONS = (
					"DEBUG=1",
					"$(inherited)",
				);
				GCC_WARN_64_TO_32_BIT_CONVERSION = YES;
				GCC_WARN_ABOUT_RETURN_TYPE = YES_ERROR;
				GCC_WARN_UNDECLARED_SELECTOR = YES;
				GCC_WARN_UNINITIALIZED_AUTOS = YES_AGGRESSIVE;
				GCC_WARN_UNUSED_FUNCTION = YES;
				GCC_WARN_UNUSED_VARIABLE = YES;
				IPHONEOS_DEPLOYMENT_TARGET = 10.1;
				MTL_ENABLE_DEBUG_INFO = YES;
				ONLY_ACTIVE_ARCH = YES;
				SDKROOT = iphoneos;
			};
			name = Debug;
		};
		76D5B0381E177F2C00A2501B /* Release */ = {
			isa = XCBuildConfiguration;
			buildSettings = {
				ALWAYS_SEARCH_USER_PATHS = NO;
				CLANG_ANALYZER_NONNULL = YES;
				CLANG_CXX_LANGUAGE_STANDARD = "gnu++0x";
				CLANG_CXX_LIBRARY = "libc++";
				CLANG_ENABLE_MODULES = YES;
				CLANG_ENABLE_OBJC_ARC = YES;
				CLANG_WARN_BOOL_CONVERSION = YES;
				CLANG_WARN_CONSTANT_CONVERSION = YES;
				CLANG_WARN_DIRECT_OBJC_ISA_USAGE = YES_ERROR;
				CLANG_WARN_DOCUMENTATION_COMMENTS = YES;
				CLANG_WARN_EMPTY_BODY = YES;
				CLANG_WARN_ENUM_CONVERSION = YES;
				CLANG_WARN_INFINITE_RECURSION = YES;
				CLANG_WARN_INT_CONVERSION = YES;
				CLANG_WARN_OBJC_ROOT_CLASS = YES_ERROR;
				CLANG_WARN_SUSPICIOUS_MOVES = YES;
				CLANG_WARN_UNREACHABLE_CODE = YES;
				CLANG_WARN__DUPLICATE_METHOD_MATCH = YES;
				"CODE_SIGN_IDENTITY[sdk=iphoneos*]" = "iPhone Developer";
				COPY_PHASE_STRIP = NO;
				DEBUG_INFORMATION_FORMAT = "dwarf-with-dsym";
				ENABLE_NS_ASSERTIONS = NO;
				ENABLE_STRICT_OBJC_MSGSEND = YES;
				GCC_C_LANGUAGE_STANDARD = gnu99;
				GCC_NO_COMMON_BLOCKS = YES;
				GCC_WARN_64_TO_32_BIT_CONVERSION = YES;
				GCC_WARN_ABOUT_RETURN_TYPE = YES_ERROR;
				GCC_WARN_UNDECLARED_SELECTOR = YES;
				GCC_WARN_UNINITIALIZED_AUTOS = YES_AGGRESSIVE;
				GCC_WARN_UNUSED_FUNCTION = YES;
				GCC_WARN_UNUSED_VARIABLE = YES;
				IPHONEOS_DEPLOYMENT_TARGET = 10.1;
				MTL_ENABLE_DEBUG_INFO = NO;
				SDKROOT = iphoneos;
				VALIDATE_PRODUCT = YES;
			};
			name = Release;
		};
		76D5B03A1E177F2C00A2501B /* Debug */ = {
			isa = XCBuildConfiguration;
			baseConfigurationReference = 4C83E0401BD6773F26D20B10 /* Pods-MVVMTT.debug.xcconfig */;
			buildSettings = {
				ASSETCATALOG_COMPILER_APPICON_NAME = AppIcon;
				DEVELOPMENT_TEAM = PEUS87V39Q;
				INFOPLIST_FILE = MVVMTT/Info.plist;
				LD_RUNPATH_SEARCH_PATHS = "$(inherited) @executable_path/Frameworks";
				PRODUCT_BUNDLE_IDENTIFIER = test.MVVMTT;
				PRODUCT_NAME = "$(TARGET_NAME)";
			};
			name = Debug;
		};
		76D5B03B1E177F2C00A2501B /* Release */ = {
			isa = XCBuildConfiguration;
			baseConfigurationReference = BFC9EE778F6663E7BFABE702 /* Pods-MVVMTT.release.xcconfig */;
			buildSettings = {
				ASSETCATALOG_COMPILER_APPICON_NAME = AppIcon;
				DEVELOPMENT_TEAM = PEUS87V39Q;
				INFOPLIST_FILE = MVVMTT/Info.plist;
				LD_RUNPATH_SEARCH_PATHS = "$(inherited) @executable_path/Frameworks";
				PRODUCT_BUNDLE_IDENTIFIER = test.MVVMTT;
				PRODUCT_NAME = "$(TARGET_NAME)";
			};
			name = Release;
		};
		76D5B03D1E177F2C00A2501B /* Debug */ = {
			isa = XCBuildConfiguration;
			buildSettings = {
				BUNDLE_LOADER = "$(TEST_HOST)";
				DEVELOPMENT_TEAM = PEUS87V39Q;
				INFOPLIST_FILE = MVVMTTTests/Info.plist;
				LD_RUNPATH_SEARCH_PATHS = "$(inherited) @executable_path/Frameworks @loader_path/Frameworks";
				PRODUCT_BUNDLE_IDENTIFIER = test.MVVMTTTests;
				PRODUCT_NAME = "$(TARGET_NAME)";
				TEST_HOST = "$(BUILT_PRODUCTS_DIR)/MVVMTT.app/MVVMTT";
			};
			name = Debug;
		};
		76D5B03E1E177F2C00A2501B /* Release */ = {
			isa = XCBuildConfiguration;
			buildSettings = {
				BUNDLE_LOADER = "$(TEST_HOST)";
				DEVELOPMENT_TEAM = PEUS87V39Q;
				INFOPLIST_FILE = MVVMTTTests/Info.plist;
				LD_RUNPATH_SEARCH_PATHS = "$(inherited) @executable_path/Frameworks @loader_path/Frameworks";
				PRODUCT_BUNDLE_IDENTIFIER = test.MVVMTTTests;
				PRODUCT_NAME = "$(TARGET_NAME)";
				TEST_HOST = "$(BUILT_PRODUCTS_DIR)/MVVMTT.app/MVVMTT";
			};
			name = Release;
		};
		76D5B0401E177F2C00A2501B /* Debug */ = {
			isa = XCBuildConfiguration;
			buildSettings = {
				DEVELOPMENT_TEAM = PEUS87V39Q;
				INFOPLIST_FILE = MVVMTTUITests/Info.plist;
				LD_RUNPATH_SEARCH_PATHS = "$(inherited) @executable_path/Frameworks @loader_path/Frameworks";
				PRODUCT_BUNDLE_IDENTIFIER = test.MVVMTTUITests;
				PRODUCT_NAME = "$(TARGET_NAME)";
				TEST_TARGET_NAME = MVVMTT;
			};
			name = Debug;
		};
		76D5B0411E177F2C00A2501B /* Release */ = {
			isa = XCBuildConfiguration;
			buildSettings = {
				DEVELOPMENT_TEAM = PEUS87V39Q;
				INFOPLIST_FILE = MVVMTTUITests/Info.plist;
				LD_RUNPATH_SEARCH_PATHS = "$(inherited) @executable_path/Frameworks @loader_path/Frameworks";
				PRODUCT_BUNDLE_IDENTIFIER = test.MVVMTTUITests;
				PRODUCT_NAME = "$(TARGET_NAME)";
				TEST_TARGET_NAME = MVVMTT;
			};
			name = Release;
		};
/* End XCBuildConfiguration section */

/* Begin XCConfigurationList section */
		76D5B0071E177F2C00A2501B /* Build configuration list for PBXProject "MVVMTT" */ = {
			isa = XCConfigurationList;
			buildConfigurations = (
				76D5B0371E177F2C00A2501B /* Debug */,
				76D5B0381E177F2C00A2501B /* Release */,
			);
			defaultConfigurationIsVisible = 0;
			defaultConfigurationName = Release;
		};
		76D5B0391E177F2C00A2501B /* Build configuration list for PBXNativeTarget "MVVMTT" */ = {
			isa = XCConfigurationList;
			buildConfigurations = (
				76D5B03A1E177F2C00A2501B /* Debug */,
				76D5B03B1E177F2C00A2501B /* Release */,
			);
			defaultConfigurationIsVisible = 0;
			defaultConfigurationName = Release;
		};
		76D5B03C1E177F2C00A2501B /* Build configuration list for PBXNativeTarget "MVVMTTTests" */ = {
			isa = XCConfigurationList;
			buildConfigurations = (
				76D5B03D1E177F2C00A2501B /* Debug */,
				76D5B03E1E177F2C00A2501B /* Release */,
			);
			defaultConfigurationIsVisible = 0;
			defaultConfigurationName = Release;
		};
		76D5B03F1E177F2C00A2501B /* Build configuration list for PBXNativeTarget "MVVMTTUITests" */ = {
			isa = XCConfigurationList;
			buildConfigurations = (
				76D5B0401E177F2C00A2501B /* Debug */,
				76D5B0411E177F2C00A2501B /* Release */,
			);
			defaultConfigurationIsVisible = 0;
			defaultConfigurationName = Release;
		};
/* End XCConfigurationList section */
	};
	rootObject = 76D5B0041E177F2C00A2501B /* Project object */;
}
